// !$*UTF8*$!
{
	archiveVersion = 1;
	classes = {
	};
	objectVersion = 50;
	objects = {

/* Begin PBXBuildFile section */
		8B85D53826CDF3DC008B0F0C /* App01_WondersApp.swift in Sources */ = {isa = PBXBuildFile; fileRef = 8B85D53726CDF3DC008B0F0C /* App01_WondersApp.swift */; };
		8B85D53A26CDF3DC008B0F0C /* WondersView.swift in Sources */ = {isa = PBXBuildFile; fileRef = 8B85D53926CDF3DC008B0F0C /* WondersView.swift */; };
		8B85D53C26CDF3DF008B0F0C /* Assets.xcassets in Resources */ = {isa = PBXBuildFile; fileRef = 8B85D53B26CDF3DF008B0F0C /* Assets.xcassets */; };
		8B85D53F26CDF3DF008B0F0C /* Preview Assets.xcassets in Resources */ = {isa = PBXBuildFile; fileRef = 8B85D53E26CDF3DF008B0F0C /* Preview Assets.xcassets */; };
		8BA00DF126CE094000AEC356 /* Montserrat-Light.ttf in Resources */ = {isa = PBXBuildFile; fileRef = 8BA00DF026CE094000AEC356 /* Montserrat-Light.ttf */; };
		8BA00DF326CE0D9300AEC356 /* WonderDetailView.swift in Sources */ = {isa = PBXBuildFile; fileRef = 8BA00DF226CE0D9300AEC356 /* WonderDetailView.swift */; };
		8BA00DF526CE109E00AEC356 /* MapView.swift in Sources */ = {isa = PBXBuildFile; fileRef = 8BA00DF426CE109E00AEC356 /* MapView.swift */; };
		8BA00DF726CE143C00AEC356 /* WebView.swift in Sources */ = {isa = PBXBuildFile; fileRef = 8BA00DF626CE143C00AEC356 /* WebView.swift */; };
		8BA00DFB26CE179800AEC356 /* Wonder.swift in Sources */ = {isa = PBXBuildFile; fileRef = 8BA00DFA26CE179800AEC356 /* Wonder.swift */; };
		8BA00DFD26CE185700AEC356 /* WonderModel.swift in Sources */ = {isa = PBXBuildFile; fileRef = 8BA00DFC26CE185700AEC356 /* WonderModel.swift */; };
		8BA00DFF26CE227F00AEC356 /* Extensions.swift in Sources */ = {isa = PBXBuildFile; fileRef = 8BA00DFE26CE227F00AEC356 /* Extensions.swift */; };
/* End PBXBuildFile section */

/* Begin PBXFileReference section */
		8B85D53426CDF3DC008B0F0C /* App01-Wonders.app */ = {isa = PBXFileReference; explicitFileType = wrapper.application; includeInIndex = 0; path = "App01-Wonders.app"; sourceTree = BUILT_PRODUCTS_DIR; };
		8B85D53726CDF3DC008B0F0C /* App01_WondersApp.swift */ = {isa = PBXFileReference; lastKnownFileType = sourcecode.swift; path = App01_WondersApp.swift; sourceTree = "<group>"; };
		8B85D53926CDF3DC008B0F0C /* WondersView.swift */ = {isa = PBXFileReference; lastKnownFileType = sourcecode.swift; path = WondersView.swift; sourceTree = "<group>"; };
		8B85D53B26CDF3DF008B0F0C /* Assets.xcassets */ = {isa = PBXFileReference; lastKnownFileType = folder.assetcatalog; path = Assets.xcassets; sourceTree = "<group>"; };
		8B85D53E26CDF3DF008B0F0C /* Preview Assets.xcassets */ = {isa = PBXFileReference; lastKnownFileType = folder.assetcatalog; path = "Preview Assets.xcassets"; sourceTree = "<group>"; };
		8B85D54026CDF3DF008B0F0C /* Info.plist */ = {isa = PBXFileReference; lastKnownFileType = text.plist.xml; path = Info.plist; sourceTree = "<group>"; };
		8BA00DF026CE094000AEC356 /* Montserrat-Light.ttf */ = {isa = PBXFileReference; lastKnownFileType = file; path = "Montserrat-Light.ttf"; sourceTree = "<group>"; };
		8BA00DF226CE0D9300AEC356 /* WonderDetailView.swift */ = {isa = PBXFileReference; lastKnownFileType = sourcecode.swift; path = WonderDetailView.swift; sourceTree = "<group>"; };
		8BA00DF426CE109E00AEC356 /* MapView.swift */ = {isa = PBXFileReference; lastKnownFileType = sourcecode.swift; path = MapView.swift; sourceTree = "<group>"; };
		8BA00DF626CE143C00AEC356 /* WebView.swift */ = {isa = PBXFileReference; lastKnownFileType = sourcecode.swift; path = WebView.swift; sourceTree = "<group>"; };
		8BA00DFA26CE179800AEC356 /* Wonder.swift */ = {isa = PBXFileReference; lastKnownFileType = sourcecode.swift; path = Wonder.swift; sourceTree = "<group>"; };
		8BA00DFC26CE185700AEC356 /* WonderModel.swift */ = {isa = PBXFileReference; lastKnownFileType = sourcecode.swift; path = WonderModel.swift; sourceTree = "<group>"; };
		8BA00DFE26CE227F00AEC356 /* Extensions.swift */ = {isa = PBXFileReference; lastKnownFileType = sourcecode.swift; path = Extensions.swift; sourceTree = "<group>"; };
/* End PBXFileReference section */

/* Begin PBXFrameworksBuildPhase section */
		8B85D53126CDF3DC008B0F0C /* Frameworks */ = {
			isa = PBXFrameworksBuildPhase;
			buildActionMask = 2147483647;
			files = (
			);
			runOnlyForDeploymentPostprocessing = 0;
		};
/* End PBXFrameworksBuildPhase section */

/* Begin PBXGroup section */
		8B85D52B26CDF3DC008B0F0C = {
			isa = PBXGroup;
			children = (
				8B85D53626CDF3DC008B0F0C /* App01-Wonders */,
				8B85D53526CDF3DC008B0F0C /* Products */,
			);
			sourceTree = "<group>";
		};
		8B85D53526CDF3DC008B0F0C /* Products */ = {
			isa = PBXGroup;
			children = (
				8B85D53426CDF3DC008B0F0C /* App01-Wonders.app */,
			);
			name = Products;
			sourceTree = "<group>";
		};
		8B85D53626CDF3DC008B0F0C /* App01-Wonders */ = {
			isa = PBXGroup;
			children = (
				8B85D53726CDF3DC008B0F0C /* App01_WondersApp.swift */,
				8B85D53926CDF3DC008B0F0C /* WondersView.swift */,
				8BA00DF226CE0D9300AEC356 /* WonderDetailView.swift */,
				8BA00DFE26CE227F00AEC356 /* Extensions.swift */,
				8BA00DFA26CE179800AEC356 /* Wonder.swift */,
				8BA00DFC26CE185700AEC356 /* WonderModel.swift */,
				8BA00DF626CE143C00AEC356 /* WebView.swift */,
				8BA00DF426CE109E00AEC356 /* MapView.swift */,
				8BA00DEF26CE090F00AEC356 /* fonts */,
				8B85D53B26CDF3DF008B0F0C /* Assets.xcassets */,
				8B85D54026CDF3DF008B0F0C /* Info.plist */,
				8B85D53D26CDF3DF008B0F0C /* Preview Content */,
			);
			path = "App01-Wonders";
			sourceTree = "<group>";
		};
		8B85D53D26CDF3DF008B0F0C /* Preview Content */ = {
			isa = PBXGroup;
			children = (
				8B85D53E26CDF3DF008B0F0C /* Preview Assets.xcassets */,
			);
			path = "Preview Content";
			sourceTree = "<group>";
		};
		8BA00DEF26CE090F00AEC356 /* fonts */ = {
			isa = PBXGroup;
			children = (
				8BA00DF026CE094000AEC356 /* Montserrat-Light.ttf */,
			);
			path = fonts;
			sourceTree = "<group>";
		};
/* End PBXGroup section */

/* Begin PBXNativeTarget section */
		8B85D53326CDF3DC008B0F0C /* App01-Wonders */ = {
			isa = PBXNativeTarget;
			buildConfigurationList = 8B85D54326CDF3DF008B0F0C /* Build configuration list for PBXNativeTarget "App01-Wonders" */;
			buildPhases = (
				8B85D53026CDF3DC008B0F0C /* Sources */,
				8B85D53126CDF3DC008B0F0C /* Frameworks */,
				8B85D53226CDF3DC008B0F0C /* Resources */,
			);
			buildRules = (
			);
			dependencies = (
			);
			name = "App01-Wonders";
			productName = "App01-Wonders";
			productReference = 8B85D53426CDF3DC008B0F0C /* App01-Wonders.app */;
			productType = "com.apple.product-type.application";
		};
/* End PBXNativeTarget section */

/* Begin PBXProject section */
		8B85D52C26CDF3DC008B0F0C /* Project object */ = {
			isa = PBXProject;
			attributes = {
				LastSwiftUpdateCheck = 1250;
				LastUpgradeCheck = 1250;
				TargetAttributes = {
					8B85D53326CDF3DC008B0F0C = {
						CreatedOnToolsVersion = 12.5.1;
					};
				};
			};
			buildConfigurationList = 8B85D52F26CDF3DC008B0F0C /* Build configuration list for PBXProject "App01-Wonders" */;
			compatibilityVersion = "Xcode 9.3";
			developmentRegion = en;
			hasScannedForEncodings = 0;
			knownRegions = (
				en,
				Base,
			);
			mainGroup = 8B85D52B26CDF3DC008B0F0C;
			productRefGroup = 8B85D53526CDF3DC008B0F0C /* Products */;
			projectDirPath = "";
			projectRoot = "";
			targets = (
				8B85D53326CDF3DC008B0F0C /* App01-Wonders */,
			);
		};
/* End PBXProject section */

/* Begin PBXResourcesBuildPhase section */
		8B85D53226CDF3DC008B0F0C /* Resources */ = {
			isa = PBXResourcesBuildPhase;
			buildActionMask = 2147483647;
			files = (
				8BA00DF126CE094000AEC356 /* Montserrat-Light.ttf in Resources */,
				8B85D53F26CDF3DF008B0F0C /* Preview Assets.xcassets in Resources */,
				8B85D53C26CDF3DF008B0F0C /* Assets.xcassets in Resources */,
			);
			runOnlyForDeploymentPostprocessing = 0;
		};
/* End PBXResourcesBuildPhase section */

/* Begin PBXSourcesBuildPhase section */
		8B85D53026CDF3DC008B0F0C /* Sources */ = {
			isa = PBXSourcesBuildPhase;
			buildActionMask = 2147483647;
			files = (
				8BA00DF326CE0D9300AEC356 /* WonderDetailView.swift in Sources */,
				8BA00DF726CE143C00AEC356 /* WebView.swift in Sources */,
				8BA00DF526CE109E00AEC356 /* MapView.swift in Sources */,
				8BA00DFF26CE227F00AEC356 /* Extensions.swift in Sources */,
				8B85D53A26CDF3DC008B0F0C /* WondersView.swift in Sources */,
				8BA00DFD26CE185700AEC356 /* WonderModel.swift in Sources */,
				8BA00DFB26CE179800AEC356 /* Wonder.swift in Sources */,
				8B85D53826CDF3DC008B0F0C /* App01_WondersApp.swift in Sources */,
			);
			runOnlyForDeploymentPostprocessing = 0;
		};
/* End PBXSourcesBuildPhase section */

/* Begin XCBuildConfiguration section */
		8B85D54126CDF3DF008B0F0C /* Debug */ = {
			isa = XCBuildConfiguration;
			buildSettings = {
				ALWAYS_SEARCH_USER_PATHS = NO;
				CLANG_ANALYZER_NONNULL = YES;
				CLANG_ANALYZER_NUMBER_OBJECT_CONVERSION = YES_AGGRESSIVE;
				CLANG_CXX_LANGUAGE_STANDARD = "gnu++14";
				CLANG_CXX_LIBRARY = "libc++";
				CLANG_ENABLE_MODULES = YES;
				CLANG_ENABLE_OBJC_ARC = YES;
				CLANG_ENABLE_OBJC_WEAK = YES;
				CLANG_WARN_BLOCK_CAPTURE_AUTORELEASING = YES;
				CLANG_WARN_BOOL_CONVERSION = YES;
				CLANG_WARN_COMMA = YES;
				CLANG_WARN_CONSTANT_CONVERSION = YES;
				CLANG_WARN_DEPRECATED_OBJC_IMPLEMENTATIONS = YES;
				CLANG_WARN_DIRECT_OBJC_ISA_USAGE = YES_ERROR;
				CLANG_WARN_DOCUMENTATION_COMMENTS = YES;
				CLANG_WARN_EMPTY_BODY = YES;
				CLANG_WARN_ENUM_CONVERSION = YES;
				CLANG_WARN_INFINITE_RECURSION = YES;
				CLANG_WARN_INT_CONVERSION = YES;
				CLANG_WARN_NON_LITERAL_NULL_CONVERSION = YES;
				CLANG_WARN_OBJC_IMPLICIT_RETAIN_SELF = YES;
				CLANG_WARN_OBJC_LITERAL_CONVERSION = YES;
				CLANG_WARN_OBJC_ROOT_CLASS = YES_ERROR;
				CLANG_WARN_QUOTED_INCLUDE_IN_FRAMEWORK_HEADER = YES;
				CLANG_WARN_RANGE_LOOP_ANALYSIS = YES;
				CLANG_WARN_STRICT_PROTOTYPES = YES;
				CLANG_WARN_SUSPICIOUS_MOVE = YES;
				CLANG_WARN_UNGUARDED_AVAILABILITY = YES_AGGRESSIVE;
				CLANG_WARN_UNREACHABLE_CODE = YES;
				CLANG_WARN__DUPLICATE_METHOD_MATCH = YES;
				COPY_PHASE_STRIP = NO;
				DEBUG_INFORMATION_FORMAT = dwarf;
				ENABLE_STRICT_OBJC_MSGSEND = YES;
				ENABLE_TESTABILITY = YES;
				GCC_C_LANGUAGE_STANDARD = gnu11;
				GCC_DYNAMIC_NO_PIC = NO;
				GCC_NO_COMMON_BLOCKS = YES;
				GCC_OPTIMIZATION_LEVEL = 0;
				GCC_PREPROCESSOR_DEFINITIONS = (
					"DEBUG=1",
					"$(inherited)",
				);
				GCC_WARN_64_TO_32_BIT_CONVERSION = YES;
				GCC_WARN_ABOUT_RETURN_TYPE = YES_ERROR;
				GCC_WARN_UNDECLARED_SELECTOR = YES;
				GCC_WARN_UNINITIALIZED_AUTOS = YES_AGGRESSIVE;
				GCC_WARN_UNUSED_FUNCTION = YES;
				GCC_WARN_UNUSED_VARIABLE = YES;
				IPHONEOS_DEPLOYMENT_TARGET = 14.5;
				MTL_ENABLE_DEBUG_INFO = INCLUDE_SOURCE;
				MTL_FAST_MATH = YES;
				ONLY_ACTIVE_ARCH = YES;
				SDKROOT = iphoneos;
				SWIFT_ACTIVE_COMPILATION_CONDITIONS = DEBUG;
				SWIFT_OPTIMIZATION_LEVEL = "-Onone";
			};
			name = Debug;
		};
		8B85D54226CDF3DF008B0F0C /* Release */ = {
			isa = XCBuildConfiguration;
			buildSettings = {
				ALWAYS_SEARCH_USER_PATHS = NO;
				CLANG_ANALYZER_NONNULL = YES;
				CLANG_ANALYZER_NUMBER_OBJECT_CONVERSION = YES_AGGRESSIVE;
				CLANG_CXX_LANGUAGE_STANDARD = "gnu++14";
				CLANG_CXX_LIBRARY = "libc++";
				CLANG_ENABLE_MODULES = YES;
				CLANG_ENABLE_OBJC_ARC = YES;
				CLANG_ENABLE_OBJC_WEAK = YES;
				CLANG_WARN_BLOCK_CAPTURE_AUTORELEASING = YES;
				CLANG_WARN_BOOL_CONVERSION = YES;
				CLANG_WARN_COMMA = YES;
				CLANG_WARN_CONSTANT_CONVERSION = YES;
				CLANG_WARN_DEPRECATED_OBJC_IMPLEMENTATIONS = YES;
				CLANG_WARN_DIRECT_OBJC_ISA_USAGE = YES_ERROR;
				CLANG_WARN_DOCUMENTATION_COMMENTS = YES;
				CLANG_WARN_EMPTY_BODY = YES;
				CLANG_WARN_ENUM_CONVERSION = YES;
				CLANG_WARN_INFINITE_RECURSION = YES;
				CLANG_WARN_INT_CONVERSION = YES;
				CLANG_WARN_NON_LITERAL_NULL_CONVERSION = YES;
				CLANG_WARN_OBJC_IMPLICIT_RETAIN_SELF = YES;
				CLANG_WARN_OBJC_LITERAL_CONVERSION = YES;
				CLANG_WARN_OBJC_ROOT_CLASS = YES_ERROR;
				CLANG_WARN_QUOTED_INCLUDE_IN_FRAMEWORK_HEADER = YES;
				CLANG_WARN_RANGE_LOOP_ANALYSIS = YES;
				CLANG_WARN_STRICT_PROTOTYPES = YES;
				CLANG_WARN_SUSPICIOUS_MOVE = YES;
				CLANG_WARN_UNGUARDED_AVAILABILITY = YES_AGGRESSIVE;
				CLANG_WARN_UNREACHABLE_CODE = YES;
				CLANG_WARN__DUPLICATE_METHOD_MATCH = YES;
				COPY_PHASE_STRIP = NO;
				DEBUG_INFORMATION_FORMAT = "dwarf-with-dsym";
				ENABLE_NS_ASSERTIONS = NO;
				ENABLE_STRICT_OBJC_MSGSEND = YES;
				GCC_C_LANGUAGE_STANDARD = gnu11;
				GCC_NO_COMMON_BLOCKS = YES;
				GCC_WARN_64_TO_32_BIT_CONVERSION = YES;
				GCC_WARN_ABOUT_RETURN_TYPE = YES_ERROR;
				GCC_WARN_UNDECLARED_SELECTOR = YES;
				GCC_WARN_UNINITIALIZED_AUTOS = YES_AGGRESSIVE;
				GCC_WARN_UNUSED_FUNCTION = YES;
				GCC_WARN_UNUSED_VARIABLE = YES;
				IPHONEOS_DEPLOYMENT_TARGET = 14.5;
				MTL_ENABLE_DEBUG_INFO = NO;
				MTL_FAST_MATH = YES;
				SDKROOT = iphoneos;
				SWIFT_COMPILATION_MODE = wholemodule;
				SWIFT_OPTIMIZATION_LEVEL = "-O";
				VALIDATE_PRODUCT = YES;
			};
			name = Release;
		};
		8B85D54426CDF3DF008B0F0C /* Debug */ = {
			isa = XCBuildConfiguration;
			buildSettings = {
				ASSETCATALOG_COMPILER_APPICON_NAME = AppIcon;
				ASSETCATALOG_COMPILER_GLOBAL_ACCENT_COLOR_NAME = AccentColor;
				CODE_SIGN_STYLE = Automatic;
				DEVELOPMENT_ASSET_PATHS = "\"App01-Wonders/Preview Content\"";
				DEVELOPMENT_TEAM = SY29J55F4T;
				ENABLE_PREVIEWS = YES;
				INFOPLIST_FILE = "App01-Wonders/Info.plist";
				IPHONEOS_DEPLOYMENT_TARGET = 14.0;
				LD_RUNPATH_SEARCH_PATHS = (
					"$(inherited)",
					"@executable_path/Frameworks",
				);
				PRODUCT_BUNDLE_IDENTIFIER = "Valeria-Conde.App01-Wonders";
				PRODUCT_NAME = "$(TARGET_NAME)";
				SWIFT_VERSION = 5.0;
				TARGETED_DEVICE_FAMILY = "1,2";
			};
			name = Debug;
		};
		8B85D54526CDF3DF008B0F0C /* Release */ = {
			isa = XCBuildConfiguration;
			buildSettings = {
				ASSETCATALOG_COMPILER_APPICON_NAME = AppIcon;
				ASSETCATALOG_COMPILER_GLOBAL_ACCENT_COLOR_NAME = AccentColor;
				CODE_SIGN_STYLE = Automatic;
				DEVELOPMENT_ASSET_PATHS = "\"App01-Wonders/Preview Content\"";
				DEVELOPMENT_TEAM = SY29J55F4T;
				ENABLE_PREVIEWS = YES;
				INFOPLIST_FILE = "App01-Wonders/Info.plist";
				IPHONEOS_DEPLOYMENT_TARGET = 14.0;
				LD_RUNPATH_SEARCH_PATHS = (
					"$(inherited)",
					"@executable_path/Frameworks",
				);
				PRODUCT_BUNDLE_IDENTIFIER = "Valeria-Conde.App01-Wonders";
				PRODUCT_NAME = "$(TARGET_NAME)";
				SWIFT_VERSION = 5.0;
				TARGETED_DEVICE_FAMILY = "1,2";
			};
			name = Release;
		};
/* End XCBuildConfiguration section */

/* Begin XCConfigurationList section */
		8B85D52F26CDF3DC008B0F0C /* Build configuration list for PBXProject "App01-Wonders" */ = {
			isa = XCConfigurationList;
			buildConfigurations = (
				8B85D54126CDF3DF008B0F0C /* Debug */,
				8B85D54226CDF3DF008B0F0C /* Release */,
			);
			defaultConfigurationIsVisible = 0;
			defaultConfigurationName = Release;
		};
		8B85D54326CDF3DF008B0F0C /* Build configuration list for PBXNativeTarget "App01-Wonders" */ = {
			isa = XCConfigurationList;
			buildConfigurations = (
				8B85D54426CDF3DF008B0F0C /* Debug */,
				8B85D54526CDF3DF008B0F0C /* Release */,
			);
			defaultConfigurationIsVisible = 0;
			defaultConfigurationName = Release;
		};
/* End XCConfigurationList section */
	};
	rootObject = 8B85D52C26CDF3DC008B0F0C /* Project object */;
}
