// !$*UTF8*$!
{
	archiveVersion = 1;
	classes = {
	};
	objectVersion = 50;
	objects = {

/* Begin PBXBuildFile section */
		8B0F89F026D7DC5500DD3AC3 /* App08_TareasApp.swift in Sources */ = {isa = PBXBuildFile; fileRef = 8B0F89EF26D7DC5500DD3AC3 /* App08_TareasApp.swift */; };
		8B0F89F226D7DC5500DD3AC3 /* ContentView.swift in Sources */ = {isa = PBXBuildFile; fileRef = 8B0F89F126D7DC5500DD3AC3 /* ContentView.swift */; };
		8B0F89F426D7DC5700DD3AC3 /* Assets.xcassets in Resources */ = {isa = PBXBuildFile; fileRef = 8B0F89F326D7DC5700DD3AC3 /* Assets.xcassets */; };
		8B0F89F726D7DC5700DD3AC3 /* Preview Assets.xcassets in Resources */ = {isa = PBXBuildFile; fileRef = 8B0F89F626D7DC5700DD3AC3 /* Preview Assets.xcassets */; };
		8B0F89F926D7DC5700DD3AC3 /* Persistence.swift in Sources */ = {isa = PBXBuildFile; fileRef = 8B0F89F826D7DC5700DD3AC3 /* Persistence.swift */; };
		8B0F89FC26D7DC5700DD3AC3 /* App08_Tareas.xcdatamodeld in Sources */ = {isa = PBXBuildFile; fileRef = 8B0F89FA26D7DC5700DD3AC3 /* App08_Tareas.xcdatamodeld */; };
		8B8C417B26DC13C0008D9BB6 /* NuevaTareaView.swift in Sources */ = {isa = PBXBuildFile; fileRef = 8B8C417A26DC13C0008D9BB6 /* NuevaTareaView.swift */; };
		8B8C97A226DC06E000ED1FDE /* Actividad+CoreDataClass.swift in Sources */ = {isa = PBXBuildFile; fileRef = 8B8C97A026DC06E000ED1FDE /* Actividad+CoreDataClass.swift */; };
		8B8C97A326DC06E000ED1FDE /* Actividad+CoreDataProperties.swift in Sources */ = {isa = PBXBuildFile; fileRef = 8B8C97A126DC06E000ED1FDE /* Actividad+CoreDataProperties.swift */; };
		8B8C97A526DC070100ED1FDE /* ListaTareasView.swift in Sources */ = {isa = PBXBuildFile; fileRef = 8B8C97A426DC070000ED1FDE /* ListaTareasView.swift */; };
/* End PBXBuildFile section */

/* Begin PBXFileReference section */
		8B0F89EC26D7DC5500DD3AC3 /* App08-Tareas.app */ = {isa = PBXFileReference; explicitFileType = wrapper.application; includeInIndex = 0; path = "App08-Tareas.app"; sourceTree = BUILT_PRODUCTS_DIR; };
		8B0F89EF26D7DC5500DD3AC3 /* App08_TareasApp.swift */ = {isa = PBXFileReference; lastKnownFileType = sourcecode.swift; path = App08_TareasApp.swift; sourceTree = "<group>"; };
		8B0F89F126D7DC5500DD3AC3 /* ContentView.swift */ = {isa = PBXFileReference; lastKnownFileType = sourcecode.swift; path = ContentView.swift; sourceTree = "<group>"; };
		8B0F89F326D7DC5700DD3AC3 /* Assets.xcassets */ = {isa = PBXFileReference; lastKnownFileType = folder.assetcatalog; path = Assets.xcassets; sourceTree = "<group>"; };
		8B0F89F626D7DC5700DD3AC3 /* Preview Assets.xcassets */ = {isa = PBXFileReference; lastKnownFileType = folder.assetcatalog; path = "Preview Assets.xcassets"; sourceTree = "<group>"; };
		8B0F89F826D7DC5700DD3AC3 /* Persistence.swift */ = {isa = PBXFileReference; lastKnownFileType = sourcecode.swift; path = Persistence.swift; sourceTree = "<group>"; };
		8B0F89FB26D7DC5700DD3AC3 /* App08_Tareas.xcdatamodel */ = {isa = PBXFileReference; lastKnownFileType = wrapper.xcdatamodel; path = App08_Tareas.xcdatamodel; sourceTree = "<group>"; };
		8B0F89FD26D7DC5700DD3AC3 /* Info.plist */ = {isa = PBXFileReference; lastKnownFileType = text.plist.xml; path = Info.plist; sourceTree = "<group>"; };
		8B8C417A26DC13C0008D9BB6 /* NuevaTareaView.swift */ = {isa = PBXFileReference; lastKnownFileType = sourcecode.swift; path = NuevaTareaView.swift; sourceTree = "<group>"; };
		8B8C97A026DC06E000ED1FDE /* Actividad+CoreDataClass.swift */ = {isa = PBXFileReference; lastKnownFileType = sourcecode.swift; path = "Actividad+CoreDataClass.swift"; sourceTree = "<group>"; };
		8B8C97A126DC06E000ED1FDE /* Actividad+CoreDataProperties.swift */ = {isa = PBXFileReference; lastKnownFileType = sourcecode.swift; path = "Actividad+CoreDataProperties.swift"; sourceTree = "<group>"; };
		8B8C97A426DC070000ED1FDE /* ListaTareasView.swift */ = {isa = PBXFileReference; lastKnownFileType = sourcecode.swift; path = ListaTareasView.swift; sourceTree = "<group>"; };
/* End PBXFileReference section */

/* Begin PBXFrameworksBuildPhase section */
		8B0F89E926D7DC5500DD3AC3 /* Frameworks */ = {
			isa = PBXFrameworksBuildPhase;
			buildActionMask = 2147483647;
			files = (
			);
			runOnlyForDeploymentPostprocessing = 0;
		};
/* End PBXFrameworksBuildPhase section */

/* Begin PBXGroup section */
		8B0F89E326D7DC5500DD3AC3 = {
			isa = PBXGroup;
			children = (
				8B8C97A026DC06E000ED1FDE /* Actividad+CoreDataClass.swift */,
				8B8C97A126DC06E000ED1FDE /* Actividad+CoreDataProperties.swift */,
				8B0F89EE26D7DC5500DD3AC3 /* App08-Tareas */,
				8B0F89ED26D7DC5500DD3AC3 /* Products */,
			);
			sourceTree = "<group>";
		};
		8B0F89ED26D7DC5500DD3AC3 /* Products */ = {
			isa = PBXGroup;
			children = (
				8B0F89EC26D7DC5500DD3AC3 /* App08-Tareas.app */,
			);
			name = Products;
			sourceTree = "<group>";
		};
		8B0F89EE26D7DC5500DD3AC3 /* App08-Tareas */ = {
			isa = PBXGroup;
			children = (
				8B0F89EF26D7DC5500DD3AC3 /* App08_TareasApp.swift */,
				8B0F89F126D7DC5500DD3AC3 /* ContentView.swift */,
				8B8C97A426DC070000ED1FDE /* ListaTareasView.swift */,
				8B8C417A26DC13C0008D9BB6 /* NuevaTareaView.swift */,
				8B0F89F326D7DC5700DD3AC3 /* Assets.xcassets */,
				8B0F89F826D7DC5700DD3AC3 /* Persistence.swift */,
				8B0F89FD26D7DC5700DD3AC3 /* Info.plist */,
				8B0F89FA26D7DC5700DD3AC3 /* App08_Tareas.xcdatamodeld */,
				8B0F89F526D7DC5700DD3AC3 /* Preview Content */,
			);
			path = "App08-Tareas";
			sourceTree = "<group>";
		};
		8B0F89F526D7DC5700DD3AC3 /* Preview Content */ = {
			isa = PBXGroup;
			children = (
				8B0F89F626D7DC5700DD3AC3 /* Preview Assets.xcassets */,
			);
			path = "Preview Content";
			sourceTree = "<group>";
		};
/* End PBXGroup section */

/* Begin PBXNativeTarget section */
		8B0F89EB26D7DC5500DD3AC3 /* App08-Tareas */ = {
			isa = PBXNativeTarget;
			buildConfigurationList = 8B0F8A0026D7DC5700DD3AC3 /* Build configuration list for PBXNativeTarget "App08-Tareas" */;
			buildPhases = (
				8B0F89E826D7DC5500DD3AC3 /* Sources */,
				8B0F89E926D7DC5500DD3AC3 /* Frameworks */,
				8B0F89EA26D7DC5500DD3AC3 /* Resources */,
			);
			buildRules = (
			);
			dependencies = (
			);
			name = "App08-Tareas";
			productName = "App08-Tareas";
			productReference = 8B0F89EC26D7DC5500DD3AC3 /* App08-Tareas.app */;
			productType = "com.apple.product-type.application";
		};
/* End PBXNativeTarget section */

/* Begin PBXProject section */
		8B0F89E426D7DC5500DD3AC3 /* Project object */ = {
			isa = PBXProject;
			attributes = {
				LastSwiftUpdateCheck = 1250;
				LastUpgradeCheck = 1250;
				TargetAttributes = {
					8B0F89EB26D7DC5500DD3AC3 = {
						CreatedOnToolsVersion = 12.5.1;
					};
				};
			};
			buildConfigurationList = 8B0F89E726D7DC5500DD3AC3 /* Build configuration list for PBXProject "App08-Tareas" */;
			compatibilityVersion = "Xcode 9.3";
			developmentRegion = en;
			hasScannedForEncodings = 0;
			knownRegions = (
				en,
				Base,
			);
			mainGroup = 8B0F89E326D7DC5500DD3AC3;
			productRefGroup = 8B0F89ED26D7DC5500DD3AC3 /* Products */;
			projectDirPath = "";
			projectRoot = "";
			targets = (
				8B0F89EB26D7DC5500DD3AC3 /* App08-Tareas */,
			);
		};
/* End PBXProject section */

/* Begin PBXResourcesBuildPhase section */
		8B0F89EA26D7DC5500DD3AC3 /* Resources */ = {
			isa = PBXResourcesBuildPhase;
			buildActionMask = 2147483647;
			files = (
				8B0F89F726D7DC5700DD3AC3 /* Preview Assets.xcassets in Resources */,
				8B0F89F426D7DC5700DD3AC3 /* Assets.xcassets in Resources */,
			);
			runOnlyForDeploymentPostprocessing = 0;
		};
/* End PBXResourcesBuildPhase section */

/* Begin PBXSourcesBuildPhase section */
		8B0F89E826D7DC5500DD3AC3 /* Sources */ = {
			isa = PBXSourcesBuildPhase;
			buildActionMask = 2147483647;
			files = (
				8B0F89F926D7DC5700DD3AC3 /* Persistence.swift in Sources */,
				8B8C97A226DC06E000ED1FDE /* Actividad+CoreDataClass.swift in Sources */,
				8B0F89FC26D7DC5700DD3AC3 /* App08_Tareas.xcdatamodeld in Sources */,
				8B0F89F226D7DC5500DD3AC3 /* ContentView.swift in Sources */,
				8B0F89F026D7DC5500DD3AC3 /* App08_TareasApp.swift in Sources */,
				8B8C97A326DC06E000ED1FDE /* Actividad+CoreDataProperties.swift in Sources */,
				8B8C417B26DC13C0008D9BB6 /* NuevaTareaView.swift in Sources */,
				8B8C97A526DC070100ED1FDE /* ListaTareasView.swift in Sources */,
			);
			runOnlyForDeploymentPostprocessing = 0;
		};
/* End PBXSourcesBuildPhase section */

/* Begin XCBuildConfiguration section */
		8B0F89FE26D7DC5700DD3AC3 /* Debug */ = {
			isa = XCBuildConfiguration;
			buildSettings = {
				ALWAYS_SEARCH_USER_PATHS = NO;
				CLANG_ANALYZER_NONNULL = YES;
				CLANG_ANALYZER_NUMBER_OBJECT_CONVERSION = YES_AGGRESSIVE;
				CLANG_CXX_LANGUAGE_STANDARD = "gnu++14";
				CLANG_CXX_LIBRARY = "libc++";
				CLANG_ENABLE_MODULES = YES;
				CLANG_ENABLE_OBJC_ARC = YES;
				CLANG_ENABLE_OBJC_WEAK = YES;
				CLANG_WARN_BLOCK_CAPTURE_AUTORELEASING = YES;
				CLANG_WARN_BOOL_CONVERSION = YES;
				CLANG_WARN_COMMA = YES;
				CLANG_WARN_CONSTANT_CONVERSION = YES;
				CLANG_WARN_DEPRECATED_OBJC_IMPLEMENTATIONS = YES;
				CLANG_WARN_DIRECT_OBJC_ISA_USAGE = YES_ERROR;
				CLANG_WARN_DOCUMENTATION_COMMENTS = YES;
				CLANG_WARN_EMPTY_BODY = YES;
				CLANG_WARN_ENUM_CONVERSION = YES;
				CLANG_WARN_INFINITE_RECURSION = YES;
				CLANG_WARN_INT_CONVERSION = YES;
				CLANG_WARN_NON_LITERAL_NULL_CONVERSION = YES;
				CLANG_WARN_OBJC_IMPLICIT_RETAIN_SELF = YES;
				CLANG_WARN_OBJC_LITERAL_CONVERSION = YES;
				CLANG_WARN_OBJC_ROOT_CLASS = YES_ERROR;
				CLANG_WARN_QUOTED_INCLUDE_IN_FRAMEWORK_HEADER = YES;
				CLANG_WARN_RANGE_LOOP_ANALYSIS = YES;
				CLANG_WARN_STRICT_PROTOTYPES = YES;
				CLANG_WARN_SUSPICIOUS_MOVE = YES;
				CLANG_WARN_UNGUARDED_AVAILABILITY = YES_AGGRESSIVE;
				CLANG_WARN_UNREACHABLE_CODE = YES;
				CLANG_WARN__DUPLICATE_METHOD_MATCH = YES;
				COPY_PHASE_STRIP = NO;
				DEBUG_INFORMATION_FORMAT = dwarf;
				ENABLE_STRICT_OBJC_MSGSEND = YES;
				ENABLE_TESTABILITY = YES;
				GCC_C_LANGUAGE_STANDARD = gnu11;
				GCC_DYNAMIC_NO_PIC = NO;
				GCC_NO_COMMON_BLOCKS = YES;
				GCC_OPTIMIZATION_LEVEL = 0;
				GCC_PREPROCESSOR_DEFINITIONS = (
					"DEBUG=1",
					"$(inherited)",
				);
				GCC_WARN_64_TO_32_BIT_CONVERSION = YES;
				GCC_WARN_ABOUT_RETURN_TYPE = YES_ERROR;
				GCC_WARN_UNDECLARED_SELECTOR = YES;
				GCC_WARN_UNINITIALIZED_AUTOS = YES_AGGRESSIVE;
				GCC_WARN_UNUSED_FUNCTION = YES;
				GCC_WARN_UNUSED_VARIABLE = YES;
				IPHONEOS_DEPLOYMENT_TARGET = 14.5;
				MTL_ENABLE_DEBUG_INFO = INCLUDE_SOURCE;
				MTL_FAST_MATH = YES;
				ONLY_ACTIVE_ARCH = YES;
				SDKROOT = iphoneos;
				SWIFT_ACTIVE_COMPILATION_CONDITIONS = DEBUG;
				SWIFT_OPTIMIZATION_LEVEL = "-Onone";
			};
			name = Debug;
		};
		8B0F89FF26D7DC5700DD3AC3 /* Release */ = {
			isa = XCBuildConfiguration;
			buildSettings = {
				ALWAYS_SEARCH_USER_PATHS = NO;
				CLANG_ANALYZER_NONNULL = YES;
				CLANG_ANALYZER_NUMBER_OBJECT_CONVERSION = YES_AGGRESSIVE;
				CLANG_CXX_LANGUAGE_STANDARD = "gnu++14";
				CLANG_CXX_LIBRARY = "libc++";
				CLANG_ENABLE_MODULES = YES;
				CLANG_ENABLE_OBJC_ARC = YES;
				CLANG_ENABLE_OBJC_WEAK = YES;
				CLANG_WARN_BLOCK_CAPTURE_AUTORELEASING = YES;
				CLANG_WARN_BOOL_CONVERSION = YES;
				CLANG_WARN_COMMA = YES;
				CLANG_WARN_CONSTANT_CONVERSION = YES;
				CLANG_WARN_DEPRECATED_OBJC_IMPLEMENTATIONS = YES;
				CLANG_WARN_DIRECT_OBJC_ISA_USAGE = YES_ERROR;
				CLANG_WARN_DOCUMENTATION_COMMENTS = YES;
				CLANG_WARN_EMPTY_BODY = YES;
				CLANG_WARN_ENUM_CONVERSION = YES;
				CLANG_WARN_INFINITE_RECURSION = YES;
				CLANG_WARN_INT_CONVERSION = YES;
				CLANG_WARN_NON_LITERAL_NULL_CONVERSION = YES;
				CLANG_WARN_OBJC_IMPLICIT_RETAIN_SELF = YES;
				CLANG_WARN_OBJC_LITERAL_CONVERSION = YES;
				CLANG_WARN_OBJC_ROOT_CLASS = YES_ERROR;
				CLANG_WARN_QUOTED_INCLUDE_IN_FRAMEWORK_HEADER = YES;
				CLANG_WARN_RANGE_LOOP_ANALYSIS = YES;
				CLANG_WARN_STRICT_PROTOTYPES = YES;
				CLANG_WARN_SUSPICIOUS_MOVE = YES;
				CLANG_WARN_UNGUARDED_AVAILABILITY = YES_AGGRESSIVE;
				CLANG_WARN_UNREACHABLE_CODE = YES;
				CLANG_WARN__DUPLICATE_METHOD_MATCH = YES;
				COPY_PHASE_STRIP = NO;
				DEBUG_INFORMATION_FORMAT = "dwarf-with-dsym";
				ENABLE_NS_ASSERTIONS = NO;
				ENABLE_STRICT_OBJC_MSGSEND = YES;
				GCC_C_LANGUAGE_STANDARD = gnu11;
				GCC_NO_COMMON_BLOCKS = YES;
				GCC_WARN_64_TO_32_BIT_CONVERSION = YES;
				GCC_WARN_ABOUT_RETURN_TYPE = YES_ERROR;
				GCC_WARN_UNDECLARED_SELECTOR = YES;
				GCC_WARN_UNINITIALIZED_AUTOS = YES_AGGRESSIVE;
				GCC_WARN_UNUSED_FUNCTION = YES;
				GCC_WARN_UNUSED_VARIABLE = YES;
				IPHONEOS_DEPLOYMENT_TARGET = 14.5;
				MTL_ENABLE_DEBUG_INFO = NO;
				MTL_FAST_MATH = YES;
				SDKROOT = iphoneos;
				SWIFT_COMPILATION_MODE = wholemodule;
				SWIFT_OPTIMIZATION_LEVEL = "-O";
				VALIDATE_PRODUCT = YES;
			};
			name = Release;
		};
		8B0F8A0126D7DC5700DD3AC3 /* Debug */ = {
			isa = XCBuildConfiguration;
			buildSettings = {
				ASSETCATALOG_COMPILER_APPICON_NAME = AppIcon;
				ASSETCATALOG_COMPILER_GLOBAL_ACCENT_COLOR_NAME = AccentColor;
				CODE_SIGN_STYLE = Automatic;
				DEVELOPMENT_ASSET_PATHS = "\"App08-Tareas/Preview Content\"";
				DEVELOPMENT_TEAM = SY29J55F4T;
				ENABLE_PREVIEWS = YES;
				INFOPLIST_FILE = "App08-Tareas/Info.plist";
				IPHONEOS_DEPLOYMENT_TARGET = 14.0;
				LD_RUNPATH_SEARCH_PATHS = (
					"$(inherited)",
					"@executable_path/Frameworks",
				);
				PRODUCT_BUNDLE_IDENTIFIER = "valeriaconde.App08-Tareas";
				PRODUCT_NAME = "$(TARGET_NAME)";
				SWIFT_VERSION = 5.0;
				TARGETED_DEVICE_FAMILY = "1,2";
			};
			name = Debug;
		};
		8B0F8A0226D7DC5700DD3AC3 /* Release */ = {
			isa = XCBuildConfiguration;
			buildSettings = {
				ASSETCATALOG_COMPILER_APPICON_NAME = AppIcon;
				ASSETCATALOG_COMPILER_GLOBAL_ACCENT_COLOR_NAME = AccentColor;
				CODE_SIGN_STYLE = Automatic;
				DEVELOPMENT_ASSET_PATHS = "\"App08-Tareas/Preview Content\"";
				DEVELOPMENT_TEAM = SY29J55F4T;
				ENABLE_PREVIEWS = YES;
				INFOPLIST_FILE = "App08-Tareas/Info.plist";
				IPHONEOS_DEPLOYMENT_TARGET = 14.0;
				LD_RUNPATH_SEARCH_PATHS = (
					"$(inherited)",
					"@executable_path/Frameworks",
				);
				PRODUCT_BUNDLE_IDENTIFIER = "valeriaconde.App08-Tareas";
				PRODUCT_NAME = "$(TARGET_NAME)";
				SWIFT_VERSION = 5.0;
				TARGETED_DEVICE_FAMILY = "1,2";
			};
			name = Release;
		};
/* End XCBuildConfiguration section */

/* Begin XCConfigurationList section */
		8B0F89E726D7DC5500DD3AC3 /* Build configuration list for PBXProject "App08-Tareas" */ = {
			isa = XCConfigurationList;
			buildConfigurations = (
				8B0F89FE26D7DC5700DD3AC3 /* Debug */,
				8B0F89FF26D7DC5700DD3AC3 /* Release */,
			);
			defaultConfigurationIsVisible = 0;
			defaultConfigurationName = Release;
		};
		8B0F8A0026D7DC5700DD3AC3 /* Build configuration list for PBXNativeTarget "App08-Tareas" */ = {
			isa = XCConfigurationList;
			buildConfigurations = (
				8B0F8A0126D7DC5700DD3AC3 /* Debug */,
				8B0F8A0226D7DC5700DD3AC3 /* Release */,
			);
			defaultConfigurationIsVisible = 0;
			defaultConfigurationName = Release;
		};
/* End XCConfigurationList section */

/* Begin XCVersionGroup section */
		8B0F89FA26D7DC5700DD3AC3 /* App08_Tareas.xcdatamodeld */ = {
			isa = XCVersionGroup;
			children = (
				8B0F89FB26D7DC5700DD3AC3 /* App08_Tareas.xcdatamodel */,
			);
			currentVersion = 8B0F89FB26D7DC5700DD3AC3 /* App08_Tareas.xcdatamodel */;
			path = App08_Tareas.xcdatamodeld;
			sourceTree = "<group>";
			versionGroupType = wrapper.xcdatamodel;
		};
/* End XCVersionGroup section */
	};
	rootObject = 8B0F89E426D7DC5500DD3AC3 /* Project object */;
}
