// !$*UTF8*$!
{
	archiveVersion = 1;
	classes = {
	};
	objectVersion = 52;
	objects = {

/* Begin PBXBuildFile section */
		8B45488426D3230800DD3787 /* App02_NASAApp.swift in Sources */ = {isa = PBXBuildFile; fileRef = 8B45488326D3230800DD3787 /* App02_NASAApp.swift */; };
		8B45488626D3230800DD3787 /* ContentView.swift in Sources */ = {isa = PBXBuildFile; fileRef = 8B45488526D3230800DD3787 /* ContentView.swift */; };
		8B45488826D3230A00DD3787 /* Assets.xcassets in Resources */ = {isa = PBXBuildFile; fileRef = 8B45488726D3230A00DD3787 /* Assets.xcassets */; };
		8B45488B26D3230A00DD3787 /* Preview Assets.xcassets in Resources */ = {isa = PBXBuildFile; fileRef = 8B45488A26D3230A00DD3787 /* Preview Assets.xcassets */; };
		8B45489326D3330200DD3787 /* PhotoInfo.swift in Sources */ = {isa = PBXBuildFile; fileRef = 8B45489226D3330200DD3787 /* PhotoInfo.swift */; };
		8B45489526D3340B00DD3787 /* PhotoModel.swift in Sources */ = {isa = PBXBuildFile; fileRef = 8B45489426D3340B00DD3787 /* PhotoModel.swift */; };
		8B45489826D4022100DD3787 /* SDWebImageSwiftUI in Frameworks */ = {isa = PBXBuildFile; productRef = 8B45489726D4022100DD3787 /* SDWebImageSwiftUI */; };
/* End PBXBuildFile section */

/* Begin PBXFileReference section */
		8B45488026D3230800DD3787 /* App02-NASA.app */ = {isa = PBXFileReference; explicitFileType = wrapper.application; includeInIndex = 0; path = "App02-NASA.app"; sourceTree = BUILT_PRODUCTS_DIR; };
		8B45488326D3230800DD3787 /* App02_NASAApp.swift */ = {isa = PBXFileReference; lastKnownFileType = sourcecode.swift; path = App02_NASAApp.swift; sourceTree = "<group>"; };
		8B45488526D3230800DD3787 /* ContentView.swift */ = {isa = PBXFileReference; lastKnownFileType = sourcecode.swift; path = ContentView.swift; sourceTree = "<group>"; };
		8B45488726D3230A00DD3787 /* Assets.xcassets */ = {isa = PBXFileReference; lastKnownFileType = folder.assetcatalog; path = Assets.xcassets; sourceTree = "<group>"; };
		8B45488A26D3230A00DD3787 /* Preview Assets.xcassets */ = {isa = PBXFileReference; lastKnownFileType = folder.assetcatalog; path = "Preview Assets.xcassets"; sourceTree = "<group>"; };
		8B45488C26D3230A00DD3787 /* Info.plist */ = {isa = PBXFileReference; lastKnownFileType = text.plist.xml; path = Info.plist; sourceTree = "<group>"; };
		8B45489226D3330200DD3787 /* PhotoInfo.swift */ = {isa = PBXFileReference; lastKnownFileType = sourcecode.swift; path = PhotoInfo.swift; sourceTree = "<group>"; };
		8B45489426D3340B00DD3787 /* PhotoModel.swift */ = {isa = PBXFileReference; lastKnownFileType = sourcecode.swift; path = PhotoModel.swift; sourceTree = "<group>"; };
/* End PBXFileReference section */

/* Begin PBXFrameworksBuildPhase section */
		8B45487D26D3230800DD3787 /* Frameworks */ = {
			isa = PBXFrameworksBuildPhase;
			buildActionMask = 2147483647;
			files = (
				8B45489826D4022100DD3787 /* SDWebImageSwiftUI in Frameworks */,
			);
			runOnlyForDeploymentPostprocessing = 0;
		};
/* End PBXFrameworksBuildPhase section */

/* Begin PBXGroup section */
		8B45487726D3230800DD3787 = {
			isa = PBXGroup;
			children = (
				8B45488226D3230800DD3787 /* App02-NASA */,
				8B45488126D3230800DD3787 /* Products */,
			);
			sourceTree = "<group>";
		};
		8B45488126D3230800DD3787 /* Products */ = {
			isa = PBXGroup;
			children = (
				8B45488026D3230800DD3787 /* App02-NASA.app */,
			);
			name = Products;
			sourceTree = "<group>";
		};
		8B45488226D3230800DD3787 /* App02-NASA */ = {
			isa = PBXGroup;
			children = (
				8B45488326D3230800DD3787 /* App02_NASAApp.swift */,
				8B45488526D3230800DD3787 /* ContentView.swift */,
				8B45489226D3330200DD3787 /* PhotoInfo.swift */,
				8B45489426D3340B00DD3787 /* PhotoModel.swift */,
				8B45488726D3230A00DD3787 /* Assets.xcassets */,
				8B45488C26D3230A00DD3787 /* Info.plist */,
				8B45488926D3230A00DD3787 /* Preview Content */,
			);
			path = "App02-NASA";
			sourceTree = "<group>";
		};
		8B45488926D3230A00DD3787 /* Preview Content */ = {
			isa = PBXGroup;
			children = (
				8B45488A26D3230A00DD3787 /* Preview Assets.xcassets */,
			);
			path = "Preview Content";
			sourceTree = "<group>";
		};
/* End PBXGroup section */

/* Begin PBXNativeTarget section */
		8B45487F26D3230800DD3787 /* App02-NASA */ = {
			isa = PBXNativeTarget;
			buildConfigurationList = 8B45488F26D3230A00DD3787 /* Build configuration list for PBXNativeTarget "App02-NASA" */;
			buildPhases = (
				8B45487C26D3230800DD3787 /* Sources */,
				8B45487D26D3230800DD3787 /* Frameworks */,
				8B45487E26D3230800DD3787 /* Resources */,
			);
			buildRules = (
			);
			dependencies = (
			);
			name = "App02-NASA";
			packageProductDependencies = (
				8B45489726D4022100DD3787 /* SDWebImageSwiftUI */,
			);
			productName = "App02-NASA";
			productReference = 8B45488026D3230800DD3787 /* App02-NASA.app */;
			productType = "com.apple.product-type.application";
		};
/* End PBXNativeTarget section */

/* Begin PBXProject section */
		8B45487826D3230800DD3787 /* Project object */ = {
			isa = PBXProject;
			attributes = {
				LastSwiftUpdateCheck = 1250;
				LastUpgradeCheck = 1250;
				TargetAttributes = {
					8B45487F26D3230800DD3787 = {
						CreatedOnToolsVersion = 12.5.1;
					};
				};
			};
			buildConfigurationList = 8B45487B26D3230800DD3787 /* Build configuration list for PBXProject "App02-NASA" */;
			compatibilityVersion = "Xcode 9.3";
			developmentRegion = en;
			hasScannedForEncodings = 0;
			knownRegions = (
				en,
				Base,
			);
			mainGroup = 8B45487726D3230800DD3787;
			packageReferences = (
				8B45489626D4022100DD3787 /* XCRemoteSwiftPackageReference "SDWebImageSwiftUI" */,
			);
			productRefGroup = 8B45488126D3230800DD3787 /* Products */;
			projectDirPath = "";
			projectRoot = "";
			targets = (
				8B45487F26D3230800DD3787 /* App02-NASA */,
			);
		};
/* End PBXProject section */

/* Begin PBXResourcesBuildPhase section */
		8B45487E26D3230800DD3787 /* Resources */ = {
			isa = PBXResourcesBuildPhase;
			buildActionMask = 2147483647;
			files = (
				8B45488B26D3230A00DD3787 /* Preview Assets.xcassets in Resources */,
				8B45488826D3230A00DD3787 /* Assets.xcassets in Resources */,
			);
			runOnlyForDeploymentPostprocessing = 0;
		};
/* End PBXResourcesBuildPhase section */

/* Begin PBXSourcesBuildPhase section */
		8B45487C26D3230800DD3787 /* Sources */ = {
			isa = PBXSourcesBuildPhase;
			buildActionMask = 2147483647;
			files = (
				8B45489326D3330200DD3787 /* PhotoInfo.swift in Sources */,
				8B45488626D3230800DD3787 /* ContentView.swift in Sources */,
				8B45489526D3340B00DD3787 /* PhotoModel.swift in Sources */,
				8B45488426D3230800DD3787 /* App02_NASAApp.swift in Sources */,
			);
			runOnlyForDeploymentPostprocessing = 0;
		};
/* End PBXSourcesBuildPhase section */

/* Begin XCBuildConfiguration section */
		8B45488D26D3230A00DD3787 /* Debug */ = {
			isa = XCBuildConfiguration;
			buildSettings = {
				ALWAYS_SEARCH_USER_PATHS = NO;
				CLANG_ANALYZER_NONNULL = YES;
				CLANG_ANALYZER_NUMBER_OBJECT_CONVERSION = YES_AGGRESSIVE;
				CLANG_CXX_LANGUAGE_STANDARD = "gnu++14";
				CLANG_CXX_LIBRARY = "libc++";
				CLANG_ENABLE_MODULES = YES;
				CLANG_ENABLE_OBJC_ARC = YES;
				CLANG_ENABLE_OBJC_WEAK = YES;
				CLANG_WARN_BLOCK_CAPTURE_AUTORELEASING = YES;
				CLANG_WARN_BOOL_CONVERSION = YES;
				CLANG_WARN_COMMA = YES;
				CLANG_WARN_CONSTANT_CONVERSION = YES;
				CLANG_WARN_DEPRECATED_OBJC_IMPLEMENTATIONS = YES;
				CLANG_WARN_DIRECT_OBJC_ISA_USAGE = YES_ERROR;
				CLANG_WARN_DOCUMENTATION_COMMENTS = YES;
				CLANG_WARN_EMPTY_BODY = YES;
				CLANG_WARN_ENUM_CONVERSION = YES;
				CLANG_WARN_INFINITE_RECURSION = YES;
				CLANG_WARN_INT_CONVERSION = YES;
				CLANG_WARN_NON_LITERAL_NULL_CONVERSION = YES;
				CLANG_WARN_OBJC_IMPLICIT_RETAIN_SELF = YES;
				CLANG_WARN_OBJC_LITERAL_CONVERSION = YES;
				CLANG_WARN_OBJC_ROOT_CLASS = YES_ERROR;
				CLANG_WARN_QUOTED_INCLUDE_IN_FRAMEWORK_HEADER = YES;
				CLANG_WARN_RANGE_LOOP_ANALYSIS = YES;
				CLANG_WARN_STRICT_PROTOTYPES = YES;
				CLANG_WARN_SUSPICIOUS_MOVE = YES;
				CLANG_WARN_UNGUARDED_AVAILABILITY = YES_AGGRESSIVE;
				CLANG_WARN_UNREACHABLE_CODE = YES;
				CLANG_WARN__DUPLICATE_METHOD_MATCH = YES;
				COPY_PHASE_STRIP = NO;
				DEBUG_INFORMATION_FORMAT = dwarf;
				ENABLE_STRICT_OBJC_MSGSEND = YES;
				ENABLE_TESTABILITY = YES;
				GCC_C_LANGUAGE_STANDARD = gnu11;
				GCC_DYNAMIC_NO_PIC = NO;
				GCC_NO_COMMON_BLOCKS = YES;
				GCC_OPTIMIZATION_LEVEL = 0;
				GCC_PREPROCESSOR_DEFINITIONS = (
					"DEBUG=1",
					"$(inherited)",
				);
				GCC_WARN_64_TO_32_BIT_CONVERSION = YES;
				GCC_WARN_ABOUT_RETURN_TYPE = YES_ERROR;
				GCC_WARN_UNDECLARED_SELECTOR = YES;
				GCC_WARN_UNINITIALIZED_AUTOS = YES_AGGRESSIVE;
				GCC_WARN_UNUSED_FUNCTION = YES;
				GCC_WARN_UNUSED_VARIABLE = YES;
				IPHONEOS_DEPLOYMENT_TARGET = 14.5;
				MTL_ENABLE_DEBUG_INFO = INCLUDE_SOURCE;
				MTL_FAST_MATH = YES;
				ONLY_ACTIVE_ARCH = YES;
				SDKROOT = iphoneos;
				SWIFT_ACTIVE_COMPILATION_CONDITIONS = DEBUG;
				SWIFT_OPTIMIZATION_LEVEL = "-Onone";
			};
			name = Debug;
		};
		8B45488E26D3230A00DD3787 /* Release */ = {
			isa = XCBuildConfiguration;
			buildSettings = {
				ALWAYS_SEARCH_USER_PATHS = NO;
				CLANG_ANALYZER_NONNULL = YES;
				CLANG_ANALYZER_NUMBER_OBJECT_CONVERSION = YES_AGGRESSIVE;
				CLANG_CXX_LANGUAGE_STANDARD = "gnu++14";
				CLANG_CXX_LIBRARY = "libc++";
				CLANG_ENABLE_MODULES = YES;
				CLANG_ENABLE_OBJC_ARC = YES;
				CLANG_ENABLE_OBJC_WEAK = YES;
				CLANG_WARN_BLOCK_CAPTURE_AUTORELEASING = YES;
				CLANG_WARN_BOOL_CONVERSION = YES;
				CLANG_WARN_COMMA = YES;
				CLANG_WARN_CONSTANT_CONVERSION = YES;
				CLANG_WARN_DEPRECATED_OBJC_IMPLEMENTATIONS = YES;
				CLANG_WARN_DIRECT_OBJC_ISA_USAGE = YES_ERROR;
				CLANG_WARN_DOCUMENTATION_COMMENTS = YES;
				CLANG_WARN_EMPTY_BODY = YES;
				CLANG_WARN_ENUM_CONVERSION = YES;
				CLANG_WARN_INFINITE_RECURSION = YES;
				CLANG_WARN_INT_CONVERSION = YES;
				CLANG_WARN_NON_LITERAL_NULL_CONVERSION = YES;
				CLANG_WARN_OBJC_IMPLICIT_RETAIN_SELF = YES;
				CLANG_WARN_OBJC_LITERAL_CONVERSION = YES;
				CLANG_WARN_OBJC_ROOT_CLASS = YES_ERROR;
				CLANG_WARN_QUOTED_INCLUDE_IN_FRAMEWORK_HEADER = YES;
				CLANG_WARN_RANGE_LOOP_ANALYSIS = YES;
				CLANG_WARN_STRICT_PROTOTYPES = YES;
				CLANG_WARN_SUSPICIOUS_MOVE = YES;
				CLANG_WARN_UNGUARDED_AVAILABILITY = YES_AGGRESSIVE;
				CLANG_WARN_UNREACHABLE_CODE = YES;
				CLANG_WARN__DUPLICATE_METHOD_MATCH = YES;
				COPY_PHASE_STRIP = NO;
				DEBUG_INFORMATION_FORMAT = "dwarf-with-dsym";
				ENABLE_NS_ASSERTIONS = NO;
				ENABLE_STRICT_OBJC_MSGSEND = YES;
				GCC_C_LANGUAGE_STANDARD = gnu11;
				GCC_NO_COMMON_BLOCKS = YES;
				GCC_WARN_64_TO_32_BIT_CONVERSION = YES;
				GCC_WARN_ABOUT_RETURN_TYPE = YES_ERROR;
				GCC_WARN_UNDECLARED_SELECTOR = YES;
				GCC_WARN_UNINITIALIZED_AUTOS = YES_AGGRESSIVE;
				GCC_WARN_UNUSED_FUNCTION = YES;
				GCC_WARN_UNUSED_VARIABLE = YES;
				IPHONEOS_DEPLOYMENT_TARGET = 14.5;
				MTL_ENABLE_DEBUG_INFO = NO;
				MTL_FAST_MATH = YES;
				SDKROOT = iphoneos;
				SWIFT_COMPILATION_MODE = wholemodule;
				SWIFT_OPTIMIZATION_LEVEL = "-O";
				VALIDATE_PRODUCT = YES;
			};
			name = Release;
		};
		8B45489026D3230A00DD3787 /* Debug */ = {
			isa = XCBuildConfiguration;
			buildSettings = {
				ASSETCATALOG_COMPILER_APPICON_NAME = AppIcon;
				ASSETCATALOG_COMPILER_GLOBAL_ACCENT_COLOR_NAME = AccentColor;
				CODE_SIGN_STYLE = Automatic;
				DEVELOPMENT_ASSET_PATHS = "\"App02-NASA/Preview Content\"";
				DEVELOPMENT_TEAM = SY29J55F4T;
				ENABLE_PREVIEWS = YES;
				INFOPLIST_FILE = "App02-NASA/Info.plist";
				IPHONEOS_DEPLOYMENT_TARGET = 14.0;
				LD_RUNPATH_SEARCH_PATHS = (
					"$(inherited)",
					"@executable_path/Frameworks",
				);
				PRODUCT_BUNDLE_IDENTIFIER = "valeriaconde.App02-NASA";
				PRODUCT_NAME = "$(TARGET_NAME)";
				SWIFT_VERSION = 5.0;
				TARGETED_DEVICE_FAMILY = "1,2";
			};
			name = Debug;
		};
		8B45489126D3230A00DD3787 /* Release */ = {
			isa = XCBuildConfiguration;
			buildSettings = {
				ASSETCATALOG_COMPILER_APPICON_NAME = AppIcon;
				ASSETCATALOG_COMPILER_GLOBAL_ACCENT_COLOR_NAME = AccentColor;
				CODE_SIGN_STYLE = Automatic;
				DEVELOPMENT_ASSET_PATHS = "\"App02-NASA/Preview Content\"";
				DEVELOPMENT_TEAM = SY29J55F4T;
				ENABLE_PREVIEWS = YES;
				INFOPLIST_FILE = "App02-NASA/Info.plist";
				IPHONEOS_DEPLOYMENT_TARGET = 14.0;
				LD_RUNPATH_SEARCH_PATHS = (
					"$(inherited)",
					"@executable_path/Frameworks",
				);
				PRODUCT_BUNDLE_IDENTIFIER = "valeriaconde.App02-NASA";
				PRODUCT_NAME = "$(TARGET_NAME)";
				SWIFT_VERSION = 5.0;
				TARGETED_DEVICE_FAMILY = "1,2";
			};
			name = Release;
		};
/* End XCBuildConfiguration section */

/* Begin XCConfigurationList section */
		8B45487B26D3230800DD3787 /* Build configuration list for PBXProject "App02-NASA" */ = {
			isa = XCConfigurationList;
			buildConfigurations = (
				8B45488D26D3230A00DD3787 /* Debug */,
				8B45488E26D3230A00DD3787 /* Release */,
			);
			defaultConfigurationIsVisible = 0;
			defaultConfigurationName = Release;
		};
		8B45488F26D3230A00DD3787 /* Build configuration list for PBXNativeTarget "App02-NASA" */ = {
			isa = XCConfigurationList;
			buildConfigurations = (
				8B45489026D3230A00DD3787 /* Debug */,
				8B45489126D3230A00DD3787 /* Release */,
			);
			defaultConfigurationIsVisible = 0;
			defaultConfigurationName = Release;
		};
/* End XCConfigurationList section */

/* Begin XCRemoteSwiftPackageReference section */
		8B45489626D4022100DD3787 /* XCRemoteSwiftPackageReference "SDWebImageSwiftUI" */ = {
			isa = XCRemoteSwiftPackageReference;
			repositoryURL = "https://github.com/SDWebImage/SDWebImageSwiftUI";
			requirement = {
				kind = upToNextMajorVersion;
				minimumVersion = 2.0.2;
			};
		};
/* End XCRemoteSwiftPackageReference section */

/* Begin XCSwiftPackageProductDependency section */
		8B45489726D4022100DD3787 /* SDWebImageSwiftUI */ = {
			isa = XCSwiftPackageProductDependency;
			package = 8B45489626D4022100DD3787 /* XCRemoteSwiftPackageReference "SDWebImageSwiftUI" */;
			productName = SDWebImageSwiftUI;
		};
/* End XCSwiftPackageProductDependency section */
	};
	rootObject = 8B45487826D3230800DD3787 /* Project object */;
}
